# THIS IS AN AUTOGENERATED FILE. DO NOT EDIT THIS FILE DIRECTLY.
# yarn lockfile v1


wordlist-english@^1.2.1:
  version "1.2.1"
  resolved "https://registry.yarnpkg.com/wordlist-english/-/wordlist-english-1.2.1.tgz#7a76da3c7ac26919d80d1a54056c796830febdf7"
  integrity sha512-vaiQQiu95UeON0WZFtiTrWfZmIiUd2rhrhMCBeEzwq3oTVzHCX8naGCqv/smSspE9kH2sN+E8lZyV0JZjqSzGw==
